
Microsoft Visual Studio Solution File, Format Version 12.00
# Visual Studio Version 17
VisualStudioVersion = 17.8.34511.84
MinimumVisualStudioVersion = 10.0.40219.1
Project("{9A19103F-16F7-4668-BE54-9A1E7A4F7556}") = "SGRH.Web", "SGRH.Web\SGRH.Web.csproj", "{A3B21999-905A-4D8E-80FE-FA333C8A9912}"
EndProject
Global
	GlobalSection(SolutionConfigurationPlatforms) = preSolution
		Debug|Any CPU = Debug|Any CPU
		Release|Any CPU = Release|Any CPU
	EndGlobalSection
	GlobalSection(ProjectConfigurationPlatforms) = postSolution
		{A3B21999-905A-4D8E-80FE-FA333C8A9912}.Debug|Any CPU.ActiveCfg = Debug|Any CPU
		{A3B21999-905A-4D8E-80FE-FA333C8A9912}.Debug|Any CPU.Build.0 = Debug|Any CPU
		{A3B21999-905A-4D8E-80FE-FA333C8A9912}.Release|Any CPU.ActiveCfg = Release|Any CPU
		{A3B21999-905A-4D8E-80FE-FA333C8A9912}.Release|Any CPU.Build.0 = Release|Any CPU
	EndGlobalSection
	GlobalSection(SolutionProperties) = preSolution
		HideSolutionNode = FALSE
	EndGlobalSection
	GlobalSection(ExtensibilityGlobals) = postSolution
		SolutionGuid = {8AAB30EF-5A25-4B85-B195-B5F68492A0BB}
	EndGlobalSection
EndGlobal
